
Microsoft Visual Studio Solution File, Format Version 12.00
# Visual Studio Version 17
VisualStudioVersion = 17.8.34330.188
MinimumVisualStudioVersion = 10.0.40219.1
Project("{8BC9CEB8-8B4A-11D0-8D11-00A0C91BC942}") = "C++LECTURE2", "C++LECTURE2.vcxproj", "{825B9263-F64F-4CA7-B0BF-A2D7F384C000}"
EndProject
Project("{8BC9CEB8-8B4A-11D0-8D11-00A0C91BC942}") = "Class1th(SingleLinkedList)", "..\Class1th(SingleLinkedList)\Class1th(SingleLinkedList).vcxproj", "{3B67DFB7-A000-42F0-814B-8D228236810F}"
EndProject
Project("{8BC9CEB8-8B4A-11D0-8D11-00A0C91BC942}") = "Class2th(DoubleLinkedList)", "..\Class2th(DoubleLinkedList)\Class2th(DoubleLinkedList).vcxproj", "{03462FED-8FDE-497D-A140-7F54AACC67CF}"
EndProject
Project("{8BC9CEB8-8B4A-11D0-8D11-00A0C91BC942}") = "Class3th(circlelist)", "..\Class3th(circlelist)\Class3th(circlelist).vcxproj", "{D5704E9B-E247-4EC5-820F-C5B16159529F}"
EndProject
Global
	GlobalSection(SolutionConfigurationPlatforms) = preSolution
		Debug|x64 = Debug|x64
		Debug|x86 = Debug|x86
		Release|x64 = Release|x64
		Release|x86 = Release|x86
	EndGlobalSection
	GlobalSection(ProjectConfigurationPlatforms) = postSolution
		{825B9263-F64F-4CA7-B0BF-A2D7F384C000}.Debug|x64.ActiveCfg = Debug|x64
		{825B9263-F64F-4CA7-B0BF-A2D7F384C000}.Debug|x64.Build.0 = Debug|x64
		{825B9263-F64F-4CA7-B0BF-A2D7F384C000}.Debug|x86.ActiveCfg = Debug|Win32
		{825B9263-F64F-4CA7-B0BF-A2D7F384C000}.Debug|x86.Build.0 = Debug|Win32
		{825B9263-F64F-4CA7-B0BF-A2D7F384C000}.Release|x64.ActiveCfg = Release|x64
		{825B9263-F64F-4CA7-B0BF-A2D7F384C000}.Release|x64.Build.0 = Release|x64
		{825B9263-F64F-4CA7-B0BF-A2D7F384C000}.Release|x86.ActiveCfg = Release|Win32
		{825B9263-F64F-4CA7-B0BF-A2D7F384C000}.Release|x86.Build.0 = Release|Win32
		{3B67DFB7-A000-42F0-814B-8D228236810F}.Debug|x64.ActiveCfg = Debug|x64
		{3B67DFB7-A000-42F0-814B-8D228236810F}.Debug|x64.Build.0 = Debug|x64
		{3B67DFB7-A000-42F0-814B-8D228236810F}.Debug|x86.ActiveCfg = Debug|Win32
		{3B67DFB7-A000-42F0-814B-8D228236810F}.Debug|x86.Build.0 = Debug|Win32
		{3B67DFB7-A000-42F0-814B-8D228236810F}.Release|x64.ActiveCfg = Release|x64
		{3B67DFB7-A000-42F0-814B-8D228236810F}.Release|x64.Build.0 = Release|x64
		{3B67DFB7-A000-42F0-814B-8D228236810F}.Release|x86.ActiveCfg = Release|Win32
		{3B67DFB7-A000-42F0-814B-8D228236810F}.Release|x86.Build.0 = Release|Win32
		{03462FED-8FDE-497D-A140-7F54AACC67CF}.Debug|x64.ActiveCfg = Debug|x64
		{03462FED-8FDE-497D-A140-7F54AACC67CF}.Debug|x64.Build.0 = Debug|x64
		{03462FED-8FDE-497D-A140-7F54AACC67CF}.Debug|x86.ActiveCfg = Debug|Win32
		{03462FED-8FDE-497D-A140-7F54AACC67CF}.Debug|x86.Build.0 = Debug|Win32
		{03462FED-8FDE-497D-A140-7F54AACC67CF}.Release|x64.ActiveCfg = Release|x64
		{03462FED-8FDE-497D-A140-7F54AACC67CF}.Release|x64.Build.0 = Release|x64
		{03462FED-8FDE-497D-A140-7F54AACC67CF}.Release|x86.ActiveCfg = Release|Win32
		{03462FED-8FDE-497D-A140-7F54AACC67CF}.Release|x86.Build.0 = Release|Win32
		{D5704E9B-E247-4EC5-820F-C5B16159529F}.Debug|x64.ActiveCfg = Debug|x64
		{D5704E9B-E247-4EC5-820F-C5B16159529F}.Debug|x64.Build.0 = Debug|x64
		{D5704E9B-E247-4EC5-820F-C5B16159529F}.Debug|x86.ActiveCfg = Debug|Win32
		{D5704E9B-E247-4EC5-820F-C5B16159529F}.Debug|x86.Build.0 = Debug|Win32
		{D5704E9B-E247-4EC5-820F-C5B16159529F}.Release|x64.ActiveCfg = Release|x64
		{D5704E9B-E247-4EC5-820F-C5B16159529F}.Release|x64.Build.0 = Release|x64
		{D5704E9B-E247-4EC5-820F-C5B16159529F}.Release|x86.ActiveCfg = Release|Win32
		{D5704E9B-E247-4EC5-820F-C5B16159529F}.Release|x86.Build.0 = Release|Win32
	EndGlobalSection
	GlobalSection(SolutionProperties) = preSolution
		HideSolutionNode = FALSE
	EndGlobalSection
	GlobalSection(ExtensibilityGlobals) = postSolution
		SolutionGuid = {DC9D340F-4127-49A8-8CFE-3F27876A9853}
	EndGlobalSection
EndGlobal
